
Microsoft Visual Studio Solution File, Format Version 12.00
# Visual Studio 14
VisualStudioVersion = 14.0.23107.0
MinimumVisualStudioVersion = 10.0.40219.1
Project("{FAE04EC0-301F-11D3-BF4B-00C04F79EFBC}") = "Latihan_1_1", "Latihan_1_1\Latihan_1_1.csproj", "{B65B8716-6D99-4365-A785-50BA69663EFE}"
EndProject
Project("{FAE04EC0-301F-11D3-BF4B-00C04F79EFBC}") = "Latihan_2_1", "Latihan_2_1\Latihan_2_1.csproj", "{805E1536-3387-48C7-9935-BDCCEC4B0933}"
EndProject
Project("{FAE04EC0-301F-11D3-BF4B-00C04F79EFBC}") = "Latihan_3_1", "Latihan_3_1\Latihan_3_1.csproj", "{88437C5D-6C05-4E66-8FE4-C87AAC728041}"
EndProject
Project("{FAE04EC0-301F-11D3-BF4B-00C04F79EFBC}") = "Latihan_4_1", "Latihan_4_1\Latihan_4_1.csproj", "{1D679583-F59A-4C89-8ED3-7FBAC4A0BDBF}"
EndProject
Project("{FAE04EC0-301F-11D3-BF4B-00C04F79EFBC}") = "Latihan_5_1", "Latihan_5_1\Latihan_5_1.csproj", "{6C65B71B-138A-4C87-9E2D-36622A5C2850}"
EndProject
Project("{FAE04EC0-301F-11D3-BF4B-00C04F79EFBC}") = "volleyball_problem", "volleyball_problem\volleyball_problem.csproj", "{5F076B1F-E8A8-42D8-B46D-7C6979C22D86}"
EndProject
Global
	GlobalSection(SolutionConfigurationPlatforms) = preSolution
		Debug|Any CPU = Debug|Any CPU
		Release|Any CPU = Release|Any CPU
	EndGlobalSection
	GlobalSection(ProjectConfigurationPlatforms) = postSolution
		{B65B8716-6D99-4365-A785-50BA69663EFE}.Debug|Any CPU.ActiveCfg = Debug|Any CPU
		{B65B8716-6D99-4365-A785-50BA69663EFE}.Debug|Any CPU.Build.0 = Debug|Any CPU
		{B65B8716-6D99-4365-A785-50BA69663EFE}.Release|Any CPU.ActiveCfg = Release|Any CPU
		{B65B8716-6D99-4365-A785-50BA69663EFE}.Release|Any CPU.Build.0 = Release|Any CPU
		{805E1536-3387-48C7-9935-BDCCEC4B0933}.Debug|Any CPU.ActiveCfg = Debug|Any CPU
		{805E1536-3387-48C7-9935-BDCCEC4B0933}.Debug|Any CPU.Build.0 = Debug|Any CPU
		{805E1536-3387-48C7-9935-BDCCEC4B0933}.Release|Any CPU.ActiveCfg = Release|Any CPU
		{805E1536-3387-48C7-9935-BDCCEC4B0933}.Release|Any CPU.Build.0 = Release|Any CPU
		{88437C5D-6C05-4E66-8FE4-C87AAC728041}.Debug|Any CPU.ActiveCfg = Debug|Any CPU
		{88437C5D-6C05-4E66-8FE4-C87AAC728041}.Debug|Any CPU.Build.0 = Debug|Any CPU
		{88437C5D-6C05-4E66-8FE4-C87AAC728041}.Release|Any CPU.ActiveCfg = Release|Any CPU
		{88437C5D-6C05-4E66-8FE4-C87AAC728041}.Release|Any CPU.Build.0 = Release|Any CPU
		{1D679583-F59A-4C89-8ED3-7FBAC4A0BDBF}.Debug|Any CPU.ActiveCfg = Debug|Any CPU
		{1D679583-F59A-4C89-8ED3-7FBAC4A0BDBF}.Debug|Any CPU.Build.0 = Debug|Any CPU
		{1D679583-F59A-4C89-8ED3-7FBAC4A0BDBF}.Release|Any CPU.ActiveCfg = Release|Any CPU
		{1D679583-F59A-4C89-8ED3-7FBAC4A0BDBF}.Release|Any CPU.Build.0 = Release|Any CPU
		{6C65B71B-138A-4C87-9E2D-36622A5C2850}.Debug|Any CPU.ActiveCfg = Debug|Any CPU
		{6C65B71B-138A-4C87-9E2D-36622A5C2850}.Debug|Any CPU.Build.0 = Debug|Any CPU
		{6C65B71B-138A-4C87-9E2D-36622A5C2850}.Release|Any CPU.ActiveCfg = Release|Any CPU
		{6C65B71B-138A-4C87-9E2D-36622A5C2850}.Release|Any CPU.Build.0 = Release|Any CPU
		{5F076B1F-E8A8-42D8-B46D-7C6979C22D86}.Debug|Any CPU.ActiveCfg = Debug|Any CPU
		{5F076B1F-E8A8-42D8-B46D-7C6979C22D86}.Debug|Any CPU.Build.0 = Debug|Any CPU
		{5F076B1F-E8A8-42D8-B46D-7C6979C22D86}.Release|Any CPU.ActiveCfg = Release|Any CPU
		{5F076B1F-E8A8-42D8-B46D-7C6979C22D86}.Release|Any CPU.Build.0 = Release|Any CPU
	EndGlobalSection
	GlobalSection(SolutionProperties) = preSolution
		HideSolutionNode = FALSE
	EndGlobalSection
EndGlobal
